
Microsoft Visual Studio Solution File, Format Version 12.00
# Visual Studio Version 16
VisualStudioVersion = 16.0.30406.217
MinimumVisualStudioVersion = 10.0.40219.1
Project("{FAE04EC0-301F-11D3-BF4B-00C04F79EFBC}") = "Course", "Course.csproj", "{57042C4F-4A7B-4C6F-9140-693B26E2FAD4}"
EndProject
Global
	GlobalSection(SolutionConfigurationPlatforms) = preSolution
		Debug|Any CPU = Debug|Any CPU
		Release|Any CPU = Release|Any CPU
	EndGlobalSection
	GlobalSection(ProjectConfigurationPlatforms) = postSolution
		{57042C4F-4A7B-4C6F-9140-693B26E2FAD4}.Debug|Any CPU.ActiveCfg = Debug|Any CPU
		{57042C4F-4A7B-4C6F-9140-693B26E2FAD4}.Debug|Any CPU.Build.0 = Debug|Any CPU
		{57042C4F-4A7B-4C6F-9140-693B26E2FAD4}.Release|Any CPU.ActiveCfg = Release|Any CPU
		{57042C4F-4A7B-4C6F-9140-693B26E2FAD4}.Release|Any CPU.Build.0 = Release|Any CPU
	EndGlobalSection
	GlobalSection(SolutionProperties) = preSolution
		HideSolutionNode = FALSE
	EndGlobalSection
	GlobalSection(ExtensibilityGlobals) = postSolution
		SolutionGuid = {24B4E2EE-BBD5-4ABC-BDC2-4A13F41154B6}
	EndGlobalSection
EndGlobal
